
Microsoft Visual Studio Solution File, Format Version 12.00
# Visual Studio 15
VisualStudioVersion = 15.0.28307.645
MinimumVisualStudioVersion = 10.0.40219.1
Project("{9A19103F-16F7-4668-BE54-9A1E7A4F7556}") = "WebApplication1", "WebApplication1\WebApplication1.csproj", "{5FBD23E0-FADE-4A5A-8687-42EF518D5930}"
EndProject
Project("{FAE04EC0-301F-11D3-BF4B-00C04F79EFBC}") = "Repositories", "ClassLibrary2\Repositories.csproj", "{F96695CB-4AD7-4992-8673-431D123838E8}"
EndProject
Project("{FAE04EC0-301F-11D3-BF4B-00C04F79EFBC}") = "Cantina.CLI", "ConsoleApp1\Cantina.CLI.csproj", "{45929C5A-91D3-4A1C-B279-3CA0942BD646}"
EndProject
Global
	GlobalSection(SolutionConfigurationPlatforms) = preSolution
		Debug|Any CPU = Debug|Any CPU
		Release|Any CPU = Release|Any CPU
	EndGlobalSection
	GlobalSection(ProjectConfigurationPlatforms) = postSolution
		{5FBD23E0-FADE-4A5A-8687-42EF518D5930}.Debug|Any CPU.ActiveCfg = Debug|Any CPU
		{5FBD23E0-FADE-4A5A-8687-42EF518D5930}.Debug|Any CPU.Build.0 = Debug|Any CPU
		{5FBD23E0-FADE-4A5A-8687-42EF518D5930}.Release|Any CPU.ActiveCfg = Release|Any CPU
		{5FBD23E0-FADE-4A5A-8687-42EF518D5930}.Release|Any CPU.Build.0 = Release|Any CPU
		{F96695CB-4AD7-4992-8673-431D123838E8}.Debug|Any CPU.ActiveCfg = Debug|Any CPU
		{F96695CB-4AD7-4992-8673-431D123838E8}.Debug|Any CPU.Build.0 = Debug|Any CPU
		{F96695CB-4AD7-4992-8673-431D123838E8}.Release|Any CPU.ActiveCfg = Release|Any CPU
		{F96695CB-4AD7-4992-8673-431D123838E8}.Release|Any CPU.Build.0 = Release|Any CPU
		{45929C5A-91D3-4A1C-B279-3CA0942BD646}.Debug|Any CPU.ActiveCfg = Debug|Any CPU
		{45929C5A-91D3-4A1C-B279-3CA0942BD646}.Debug|Any CPU.Build.0 = Debug|Any CPU
		{45929C5A-91D3-4A1C-B279-3CA0942BD646}.Release|Any CPU.ActiveCfg = Release|Any CPU
		{45929C5A-91D3-4A1C-B279-3CA0942BD646}.Release|Any CPU.Build.0 = Release|Any CPU
	EndGlobalSection
	GlobalSection(SolutionProperties) = preSolution
		HideSolutionNode = FALSE
	EndGlobalSection
	GlobalSection(ExtensibilityGlobals) = postSolution
		SolutionGuid = {C1F0E825-9C21-4800-85EF-933B63C70FF0}
	EndGlobalSection
EndGlobal
